
Microsoft Visual Studio Solution File, Format Version 12.00
# Visual Studio Version 17
VisualStudioVersion = 17.8.0.0
MinimumVisualStudioVersion = 17.8.0.0
Project("{9A19103F-16F7-4668-BE54-9A1E7A4F7556}") = "YoFi.V3.AppHost", "src\AppHost\YoFi.V3.AppHost.csproj", "{D2B46BB4-8AEA-4BE4-BDD2-0DE990A8B9F1}"
EndProject
Project("{9A19103F-16F7-4668-BE54-9A1E7A4F7556}") = "YoFi.V3.ServiceDefaults", "src\ServiceDefaults\YoFi.V3.ServiceDefaults.csproj", "{38260700-C5E4-44EC-99C0-396CC1681D46}"
EndProject
Project("{9A19103F-16F7-4668-BE54-9A1E7A4F7556}") = "YoFi.V3.BackEnd", "src\BackEnd\YoFi.V3.BackEnd.csproj", "{1A87FCD1-789E-4A5D-ABFA-A4A5A3D20F54}"
EndProject
Project("{2150E333-8FDC-42A3-9474-1A3956D46DE8}") = "src", "src", "{827E0CD3-B72D-47B6-A68D-7590B98EB39B}"
EndProject
Project("{2150E333-8FDC-42A3-9474-1A3956D46DE8}") = "Entities", "Entities", "{5F5D2DA1-D523-9746-CCCB-000D35E306D2}"
EndProject
Project("{FAE04EC0-301F-11D3-BF4B-00C04F79EFBC}") = "YoFi.V3.Entities", "src\Entities\YoFi.V3.Entities.csproj", "{344238D7-43C4-4584-892D-C474616BB5F6}"
EndProject
Project("{2150E333-8FDC-42A3-9474-1A3956D46DE8}") = "Application", "Application", "{22BAF98C-8415-17C4-B26A-D537657BC863}"
EndProject
Project("{FAE04EC0-301F-11D3-BF4B-00C04F79EFBC}") = "YoFi.V3.Application", "src\Application\YoFi.V3.Application.csproj", "{A4B94D63-0683-4671-93EB-E4C505A39B6E}"
EndProject
Project("{2150E333-8FDC-42A3-9474-1A3956D46DE8}") = "Controllers", "Controllers", "{349B521D-38C3-1834-A53D-9CACE24FF0DA}"
EndProject
Project("{FAE04EC0-301F-11D3-BF4B-00C04F79EFBC}") = "YoFi.V3.Controllers", "src\Controllers\YoFi.V3.Controllers.csproj", "{7CE33FA9-1A20-4E2C-97A3-9F3A647EF2A2}"
EndProject
Project("{2150E333-8FDC-42A3-9474-1A3956D46DE8}") = "tests", "tests", "{0AB3BF05-4346-4AA6-1389-037BE0695223}"
EndProject
Project("{2150E333-8FDC-42A3-9474-1A3956D46DE8}") = "Unit", "Unit", "{9D556B49-86D1-93A7-9596-FFAAB74EC556}"
EndProject
Project("{FAE04EC0-301F-11D3-BF4B-00C04F79EFBC}") = "YoFi.V3.Tests.Unit", "tests\Unit\YoFi.V3.Tests.Unit.csproj", "{1FC57A9E-D2A7-4DFB-8C83-221CD2534C67}"
EndProject
Project("{2150E333-8FDC-42A3-9474-1A3956D46DE8}") = "WireApiHost", "WireApiHost", "{9D0ACA6A-1359-B410-FE44-3254C33D5A75}"
EndProject
Project("{FAE04EC0-301F-11D3-BF4B-00C04F79EFBC}") = "YoFi.V3.WireApiHost", "src\WireApiHost\YoFi.V3.WireApiHost.csproj", "{6282BFD8-4D13-46B7-9B95-C9C4A2A9704F}"
EndProject
Project("{2150E333-8FDC-42A3-9474-1A3956D46DE8}") = "Functional", "Functional", "{2414A164-1C2C-46BD-38D9-3D4AF0FD14DE}"
EndProject
Project("{FAE04EC0-301F-11D3-BF4B-00C04F79EFBC}") = "YoFi.V3.Tests.Functional", "tests\Functional\YoFi.V3.Tests.Functional.csproj", "{A3A87217-F2A9-4E03-B885-564AF866AEB9}"
EndProject
Project("{2150E333-8FDC-42A3-9474-1A3956D46DE8}") = "Data", "Data", "{58A5B24B-8FB4-5A6E-5EF4-1E3E19F29B1B}"
EndProject
Project("{2150E333-8FDC-42A3-9474-1A3956D46DE8}") = "Sqlite", "Sqlite", "{FC9ADC4C-F5E4-E1C4-4B5E-C64C8D83E16A}"
EndProject
Project("{FAE04EC0-301F-11D3-BF4B-00C04F79EFBC}") = "YoFi.V3.Data.Sqlite", "src\Data\Sqlite\YoFi.V3.Data.Sqlite.csproj", "{200EF0D8-D35C-474A-BC53-680D3AECB339}"
EndProject
Project("{2150E333-8FDC-42A3-9474-1A3956D46DE8}") = "Integration.Data", "Integration.Data", "{6E5695B2-FA9C-AB39-B129-37A1347BF387}"
EndProject
Project("{FAE04EC0-301F-11D3-BF4B-00C04F79EFBC}") = "YoFi.V3.Tests.Integration.Data", "tests\Integration.Data\YoFi.V3.Tests.Integration.Data.csproj", "{D6BB44BA-0BF1-4EAA-8124-57589126C666}"
EndProject
Project("{2150E333-8FDC-42A3-9474-1A3956D46DE8}") = "Sqlite.MigrationHost", "Sqlite.MigrationHost", "{C1C18CDD-68BF-C334-59A2-2BF067EC0B6F}"
EndProject
Project("{FAE04EC0-301F-11D3-BF4B-00C04F79EFBC}") = "YoFi.V3.Data.Sqlite.MigrationHost", "src\Data\Sqlite.MigrationHost\YoFi.V3.Data.Sqlite.MigrationHost.csproj", "{6057C121-A724-4286-B87F-964AE52041DE}"
EndProject
Project("{2150E333-8FDC-42A3-9474-1A3956D46DE8}") = "Integration.Controller", "Integration.Controller", "{8A33A073-0502-4BCC-4490-A8EF5CB819EF}"
EndProject
Project("{FAE04EC0-301F-11D3-BF4B-00C04F79EFBC}") = "YoFi.V3.Tests.Integration.Controller", "tests\Integration.Controller\YoFi.V3.Tests.Integration.Controller.csproj", "{35DCA3A7-294F-48C5-9794-32286114D001}"
EndProject
Global
	GlobalSection(SolutionConfigurationPlatforms) = preSolution
		Debug|Any CPU = Debug|Any CPU
		Debug|x64 = Debug|x64
		Debug|x86 = Debug|x86
		Release|Any CPU = Release|Any CPU
		Release|x64 = Release|x64
		Release|x86 = Release|x86
	EndGlobalSection
	GlobalSection(ProjectConfigurationPlatforms) = postSolution
		{D2B46BB4-8AEA-4BE4-BDD2-0DE990A8B9F1}.Debug|Any CPU.ActiveCfg = Debug|Any CPU
		{D2B46BB4-8AEA-4BE4-BDD2-0DE990A8B9F1}.Debug|Any CPU.Build.0 = Debug|Any CPU
		{D2B46BB4-8AEA-4BE4-BDD2-0DE990A8B9F1}.Debug|x64.ActiveCfg = Debug|Any CPU
		{D2B46BB4-8AEA-4BE4-BDD2-0DE990A8B9F1}.Debug|x64.Build.0 = Debug|Any CPU
		{D2B46BB4-8AEA-4BE4-BDD2-0DE990A8B9F1}.Debug|x86.ActiveCfg = Debug|Any CPU
		{D2B46BB4-8AEA-4BE4-BDD2-0DE990A8B9F1}.Debug|x86.Build.0 = Debug|Any CPU
		{D2B46BB4-8AEA-4BE4-BDD2-0DE990A8B9F1}.Release|Any CPU.ActiveCfg = Release|Any CPU
		{D2B46BB4-8AEA-4BE4-BDD2-0DE990A8B9F1}.Release|Any CPU.Build.0 = Release|Any CPU
		{D2B46BB4-8AEA-4BE4-BDD2-0DE990A8B9F1}.Release|x64.ActiveCfg = Release|Any CPU
		{D2B46BB4-8AEA-4BE4-BDD2-0DE990A8B9F1}.Release|x64.Build.0 = Release|Any CPU
		{D2B46BB4-8AEA-4BE4-BDD2-0DE990A8B9F1}.Release|x86.ActiveCfg = Release|Any CPU
		{D2B46BB4-8AEA-4BE4-BDD2-0DE990A8B9F1}.Release|x86.Build.0 = Release|Any CPU
		{38260700-C5E4-44EC-99C0-396CC1681D46}.Debug|Any CPU.ActiveCfg = Debug|Any CPU
		{38260700-C5E4-44EC-99C0-396CC1681D46}.Debug|Any CPU.Build.0 = Debug|Any CPU
		{38260700-C5E4-44EC-99C0-396CC1681D46}.Debug|x64.ActiveCfg = Debug|Any CPU
		{38260700-C5E4-44EC-99C0-396CC1681D46}.Debug|x64.Build.0 = Debug|Any CPU
		{38260700-C5E4-44EC-99C0-396CC1681D46}.Debug|x86.ActiveCfg = Debug|Any CPU
		{38260700-C5E4-44EC-99C0-396CC1681D46}.Debug|x86.Build.0 = Debug|Any CPU
		{38260700-C5E4-44EC-99C0-396CC1681D46}.Release|Any CPU.ActiveCfg = Release|Any CPU
		{38260700-C5E4-44EC-99C0-396CC1681D46}.Release|Any CPU.Build.0 = Release|Any CPU
		{38260700-C5E4-44EC-99C0-396CC1681D46}.Release|x64.ActiveCfg = Release|Any CPU
		{38260700-C5E4-44EC-99C0-396CC1681D46}.Release|x64.Build.0 = Release|Any CPU
		{38260700-C5E4-44EC-99C0-396CC1681D46}.Release|x86.ActiveCfg = Release|Any CPU
		{38260700-C5E4-44EC-99C0-396CC1681D46}.Release|x86.Build.0 = Release|Any CPU
		{1A87FCD1-789E-4A5D-ABFA-A4A5A3D20F54}.Debug|Any CPU.ActiveCfg = Debug|Any CPU
		{1A87FCD1-789E-4A5D-ABFA-A4A5A3D20F54}.Debug|Any CPU.Build.0 = Debug|Any CPU
		{1A87FCD1-789E-4A5D-ABFA-A4A5A3D20F54}.Debug|x64.ActiveCfg = Debug|Any CPU
		{1A87FCD1-789E-4A5D-ABFA-A4A5A3D20F54}.Debug|x64.Build.0 = Debug|Any CPU
		{1A87FCD1-789E-4A5D-ABFA-A4A5A3D20F54}.Debug|x86.ActiveCfg = Debug|Any CPU
		{1A87FCD1-789E-4A5D-ABFA-A4A5A3D20F54}.Debug|x86.Build.0 = Debug|Any CPU
		{1A87FCD1-789E-4A5D-ABFA-A4A5A3D20F54}.Release|Any CPU.ActiveCfg = Release|Any CPU
		{1A87FCD1-789E-4A5D-ABFA-A4A5A3D20F54}.Release|Any CPU.Build.0 = Release|Any CPU
		{1A87FCD1-789E-4A5D-ABFA-A4A5A3D20F54}.Release|x64.ActiveCfg = Release|Any CPU
		{1A87FCD1-789E-4A5D-ABFA-A4A5A3D20F54}.Release|x64.Build.0 = Release|Any CPU
		{1A87FCD1-789E-4A5D-ABFA-A4A5A3D20F54}.Release|x86.ActiveCfg = Release|Any CPU
		{1A87FCD1-789E-4A5D-ABFA-A4A5A3D20F54}.Release|x86.Build.0 = Release|Any CPU
		{344238D7-43C4-4584-892D-C474616BB5F6}.Debug|Any CPU.ActiveCfg = Debug|x64
		{344238D7-43C4-4584-892D-C474616BB5F6}.Debug|Any CPU.Build.0 = Debug|x64
		{344238D7-43C4-4584-892D-C474616BB5F6}.Debug|x64.ActiveCfg = Debug|x64
		{344238D7-43C4-4584-892D-C474616BB5F6}.Debug|x64.Build.0 = Debug|x64
		{344238D7-43C4-4584-892D-C474616BB5F6}.Debug|x86.ActiveCfg = Debug|x64
		{344238D7-43C4-4584-892D-C474616BB5F6}.Debug|x86.Build.0 = Debug|x64
		{344238D7-43C4-4584-892D-C474616BB5F6}.Release|Any CPU.ActiveCfg = Release|x64
		{344238D7-43C4-4584-892D-C474616BB5F6}.Release|Any CPU.Build.0 = Release|x64
		{344238D7-43C4-4584-892D-C474616BB5F6}.Release|x64.ActiveCfg = Release|x64
		{344238D7-43C4-4584-892D-C474616BB5F6}.Release|x64.Build.0 = Release|x64
		{344238D7-43C4-4584-892D-C474616BB5F6}.Release|x86.ActiveCfg = Release|x64
		{344238D7-43C4-4584-892D-C474616BB5F6}.Release|x86.Build.0 = Release|x64
		{A4B94D63-0683-4671-93EB-E4C505A39B6E}.Debug|Any CPU.ActiveCfg = Debug|x64
		{A4B94D63-0683-4671-93EB-E4C505A39B6E}.Debug|Any CPU.Build.0 = Debug|x64
		{A4B94D63-0683-4671-93EB-E4C505A39B6E}.Debug|x64.ActiveCfg = Debug|x64
		{A4B94D63-0683-4671-93EB-E4C505A39B6E}.Debug|x64.Build.0 = Debug|x64
		{A4B94D63-0683-4671-93EB-E4C505A39B6E}.Debug|x86.ActiveCfg = Debug|x64
		{A4B94D63-0683-4671-93EB-E4C505A39B6E}.Debug|x86.Build.0 = Debug|x64
		{A4B94D63-0683-4671-93EB-E4C505A39B6E}.Release|Any CPU.ActiveCfg = Release|x64
		{A4B94D63-0683-4671-93EB-E4C505A39B6E}.Release|Any CPU.Build.0 = Release|x64
		{A4B94D63-0683-4671-93EB-E4C505A39B6E}.Release|x64.ActiveCfg = Release|x64
		{A4B94D63-0683-4671-93EB-E4C505A39B6E}.Release|x64.Build.0 = Release|x64
		{A4B94D63-0683-4671-93EB-E4C505A39B6E}.Release|x86.ActiveCfg = Release|x64
		{A4B94D63-0683-4671-93EB-E4C505A39B6E}.Release|x86.Build.0 = Release|x64
		{7CE33FA9-1A20-4E2C-97A3-9F3A647EF2A2}.Debug|Any CPU.ActiveCfg = Debug|x64
		{7CE33FA9-1A20-4E2C-97A3-9F3A647EF2A2}.Debug|Any CPU.Build.0 = Debug|x64
		{7CE33FA9-1A20-4E2C-97A3-9F3A647EF2A2}.Debug|x64.ActiveCfg = Debug|x64
		{7CE33FA9-1A20-4E2C-97A3-9F3A647EF2A2}.Debug|x64.Build.0 = Debug|x64
		{7CE33FA9-1A20-4E2C-97A3-9F3A647EF2A2}.Debug|x86.ActiveCfg = Debug|x64
		{7CE33FA9-1A20-4E2C-97A3-9F3A647EF2A2}.Debug|x86.Build.0 = Debug|x64
		{7CE33FA9-1A20-4E2C-97A3-9F3A647EF2A2}.Release|Any CPU.ActiveCfg = Release|x64
		{7CE33FA9-1A20-4E2C-97A3-9F3A647EF2A2}.Release|Any CPU.Build.0 = Release|x64
		{7CE33FA9-1A20-4E2C-97A3-9F3A647EF2A2}.Release|x64.ActiveCfg = Release|x64
		{7CE33FA9-1A20-4E2C-97A3-9F3A647EF2A2}.Release|x64.Build.0 = Release|x64
		{7CE33FA9-1A20-4E2C-97A3-9F3A647EF2A2}.Release|x86.ActiveCfg = Release|x64
		{7CE33FA9-1A20-4E2C-97A3-9F3A647EF2A2}.Release|x86.Build.0 = Release|x64
		{1FC57A9E-D2A7-4DFB-8C83-221CD2534C67}.Debug|Any CPU.ActiveCfg = Debug|Any CPU
		{1FC57A9E-D2A7-4DFB-8C83-221CD2534C67}.Debug|Any CPU.Build.0 = Debug|Any CPU
		{1FC57A9E-D2A7-4DFB-8C83-221CD2534C67}.Debug|x64.ActiveCfg = Debug|Any CPU
		{1FC57A9E-D2A7-4DFB-8C83-221CD2534C67}.Debug|x64.Build.0 = Debug|Any CPU
		{1FC57A9E-D2A7-4DFB-8C83-221CD2534C67}.Debug|x86.ActiveCfg = Debug|Any CPU
		{1FC57A9E-D2A7-4DFB-8C83-221CD2534C67}.Debug|x86.Build.0 = Debug|Any CPU
		{1FC57A9E-D2A7-4DFB-8C83-221CD2534C67}.Release|Any CPU.ActiveCfg = Release|Any CPU
		{1FC57A9E-D2A7-4DFB-8C83-221CD2534C67}.Release|Any CPU.Build.0 = Release|Any CPU
		{1FC57A9E-D2A7-4DFB-8C83-221CD2534C67}.Release|x64.ActiveCfg = Release|Any CPU
		{1FC57A9E-D2A7-4DFB-8C83-221CD2534C67}.Release|x64.Build.0 = Release|Any CPU
		{1FC57A9E-D2A7-4DFB-8C83-221CD2534C67}.Release|x86.ActiveCfg = Release|Any CPU
		{1FC57A9E-D2A7-4DFB-8C83-221CD2534C67}.Release|x86.Build.0 = Release|Any CPU
		{6282BFD8-4D13-46B7-9B95-C9C4A2A9704F}.Debug|Any CPU.ActiveCfg = Debug|x64
		{6282BFD8-4D13-46B7-9B95-C9C4A2A9704F}.Debug|Any CPU.Build.0 = Debug|x64
		{6282BFD8-4D13-46B7-9B95-C9C4A2A9704F}.Debug|x64.ActiveCfg = Debug|x64
		{6282BFD8-4D13-46B7-9B95-C9C4A2A9704F}.Debug|x64.Build.0 = Debug|x64
		{6282BFD8-4D13-46B7-9B95-C9C4A2A9704F}.Debug|x86.ActiveCfg = Debug|x64
		{6282BFD8-4D13-46B7-9B95-C9C4A2A9704F}.Debug|x86.Build.0 = Debug|x64
		{6282BFD8-4D13-46B7-9B95-C9C4A2A9704F}.Release|Any CPU.ActiveCfg = Release|x64
		{6282BFD8-4D13-46B7-9B95-C9C4A2A9704F}.Release|Any CPU.Build.0 = Release|x64
		{6282BFD8-4D13-46B7-9B95-C9C4A2A9704F}.Release|x64.ActiveCfg = Release|x64
		{6282BFD8-4D13-46B7-9B95-C9C4A2A9704F}.Release|x64.Build.0 = Release|x64
		{6282BFD8-4D13-46B7-9B95-C9C4A2A9704F}.Release|x86.ActiveCfg = Release|x64
		{6282BFD8-4D13-46B7-9B95-C9C4A2A9704F}.Release|x86.Build.0 = Release|x64
		{A3A87217-F2A9-4E03-B885-564AF866AEB9}.Debug|Any CPU.ActiveCfg = Debug|Any CPU
		{A3A87217-F2A9-4E03-B885-564AF866AEB9}.Debug|Any CPU.Build.0 = Debug|Any CPU
		{A3A87217-F2A9-4E03-B885-564AF866AEB9}.Debug|x64.ActiveCfg = Debug|x64
		{A3A87217-F2A9-4E03-B885-564AF866AEB9}.Debug|x64.Build.0 = Debug|x64
		{A3A87217-F2A9-4E03-B885-564AF866AEB9}.Debug|x86.ActiveCfg = Debug|x64
		{A3A87217-F2A9-4E03-B885-564AF866AEB9}.Debug|x86.Build.0 = Debug|x64
		{A3A87217-F2A9-4E03-B885-564AF866AEB9}.Release|Any CPU.ActiveCfg = Release|Any CPU
		{A3A87217-F2A9-4E03-B885-564AF866AEB9}.Release|Any CPU.Build.0 = Release|Any CPU
		{A3A87217-F2A9-4E03-B885-564AF866AEB9}.Release|x64.ActiveCfg = Release|x64
		{A3A87217-F2A9-4E03-B885-564AF866AEB9}.Release|x64.Build.0 = Release|x64
		{A3A87217-F2A9-4E03-B885-564AF866AEB9}.Release|x86.ActiveCfg = Release|x64
		{A3A87217-F2A9-4E03-B885-564AF866AEB9}.Release|x86.Build.0 = Release|x64
		{200EF0D8-D35C-474A-BC53-680D3AECB339}.Debug|Any CPU.ActiveCfg = Debug|Any CPU
		{200EF0D8-D35C-474A-BC53-680D3AECB339}.Debug|Any CPU.Build.0 = Debug|Any CPU
		{200EF0D8-D35C-474A-BC53-680D3AECB339}.Debug|x64.ActiveCfg = Debug|Any CPU
		{200EF0D8-D35C-474A-BC53-680D3AECB339}.Debug|x64.Build.0 = Debug|Any CPU
		{200EF0D8-D35C-474A-BC53-680D3AECB339}.Debug|x86.ActiveCfg = Debug|Any CPU
		{200EF0D8-D35C-474A-BC53-680D3AECB339}.Debug|x86.Build.0 = Debug|Any CPU
		{200EF0D8-D35C-474A-BC53-680D3AECB339}.Release|Any CPU.ActiveCfg = Release|Any CPU
		{200EF0D8-D35C-474A-BC53-680D3AECB339}.Release|Any CPU.Build.0 = Release|Any CPU
		{200EF0D8-D35C-474A-BC53-680D3AECB339}.Release|x64.ActiveCfg = Release|Any CPU
		{200EF0D8-D35C-474A-BC53-680D3AECB339}.Release|x64.Build.0 = Release|Any CPU
		{200EF0D8-D35C-474A-BC53-680D3AECB339}.Release|x86.ActiveCfg = Release|Any CPU
		{200EF0D8-D35C-474A-BC53-680D3AECB339}.Release|x86.Build.0 = Release|Any CPU
		{D6BB44BA-0BF1-4EAA-8124-57589126C666}.Debug|Any CPU.ActiveCfg = Debug|Any CPU
		{D6BB44BA-0BF1-4EAA-8124-57589126C666}.Debug|Any CPU.Build.0 = Debug|Any CPU
		{D6BB44BA-0BF1-4EAA-8124-57589126C666}.Debug|x64.ActiveCfg = Debug|Any CPU
		{D6BB44BA-0BF1-4EAA-8124-57589126C666}.Debug|x64.Build.0 = Debug|Any CPU
		{D6BB44BA-0BF1-4EAA-8124-57589126C666}.Debug|x86.ActiveCfg = Debug|Any CPU
		{D6BB44BA-0BF1-4EAA-8124-57589126C666}.Debug|x86.Build.0 = Debug|Any CPU
		{D6BB44BA-0BF1-4EAA-8124-57589126C666}.Release|Any CPU.ActiveCfg = Release|Any CPU
		{D6BB44BA-0BF1-4EAA-8124-57589126C666}.Release|Any CPU.Build.0 = Release|Any CPU
		{D6BB44BA-0BF1-4EAA-8124-57589126C666}.Release|x64.ActiveCfg = Release|Any CPU
		{D6BB44BA-0BF1-4EAA-8124-57589126C666}.Release|x64.Build.0 = Release|Any CPU
		{D6BB44BA-0BF1-4EAA-8124-57589126C666}.Release|x86.ActiveCfg = Release|Any CPU
		{D6BB44BA-0BF1-4EAA-8124-57589126C666}.Release|x86.Build.0 = Release|Any CPU
		{6057C121-A724-4286-B87F-964AE52041DE}.Debug|Any CPU.ActiveCfg = Debug|Any CPU
		{6057C121-A724-4286-B87F-964AE52041DE}.Debug|Any CPU.Build.0 = Debug|Any CPU
		{6057C121-A724-4286-B87F-964AE52041DE}.Debug|x64.ActiveCfg = Debug|Any CPU
		{6057C121-A724-4286-B87F-964AE52041DE}.Debug|x64.Build.0 = Debug|Any CPU
		{6057C121-A724-4286-B87F-964AE52041DE}.Debug|x86.ActiveCfg = Debug|Any CPU
		{6057C121-A724-4286-B87F-964AE52041DE}.Debug|x86.Build.0 = Debug|Any CPU
		{6057C121-A724-4286-B87F-964AE52041DE}.Release|Any CPU.ActiveCfg = Release|Any CPU
		{6057C121-A724-4286-B87F-964AE52041DE}.Release|Any CPU.Build.0 = Release|Any CPU
		{6057C121-A724-4286-B87F-964AE52041DE}.Release|x64.ActiveCfg = Release|Any CPU
		{6057C121-A724-4286-B87F-964AE52041DE}.Release|x64.Build.0 = Release|Any CPU
		{6057C121-A724-4286-B87F-964AE52041DE}.Release|x86.ActiveCfg = Release|Any CPU
		{6057C121-A724-4286-B87F-964AE52041DE}.Release|x86.Build.0 = Release|Any CPU
		{35DCA3A7-294F-48C5-9794-32286114D001}.Debug|Any CPU.ActiveCfg = Debug|Any CPU
		{35DCA3A7-294F-48C5-9794-32286114D001}.Debug|Any CPU.Build.0 = Debug|Any CPU
		{35DCA3A7-294F-48C5-9794-32286114D001}.Debug|x64.ActiveCfg = Debug|Any CPU
		{35DCA3A7-294F-48C5-9794-32286114D001}.Debug|x64.Build.0 = Debug|Any CPU
		{35DCA3A7-294F-48C5-9794-32286114D001}.Debug|x86.ActiveCfg = Debug|Any CPU
		{35DCA3A7-294F-48C5-9794-32286114D001}.Debug|x86.Build.0 = Debug|Any CPU
		{35DCA3A7-294F-48C5-9794-32286114D001}.Release|Any CPU.ActiveCfg = Release|Any CPU
		{35DCA3A7-294F-48C5-9794-32286114D001}.Release|Any CPU.Build.0 = Release|Any CPU
		{35DCA3A7-294F-48C5-9794-32286114D001}.Release|x64.ActiveCfg = Release|Any CPU
		{35DCA3A7-294F-48C5-9794-32286114D001}.Release|x64.Build.0 = Release|Any CPU
		{35DCA3A7-294F-48C5-9794-32286114D001}.Release|x86.ActiveCfg = Release|Any CPU
		{35DCA3A7-294F-48C5-9794-32286114D001}.Release|x86.Build.0 = Release|Any CPU
	EndGlobalSection
	GlobalSection(SolutionProperties) = preSolution
		HideSolutionNode = FALSE
	EndGlobalSection
	GlobalSection(NestedProjects) = preSolution
		{5F5D2DA1-D523-9746-CCCB-000D35E306D2} = {827E0CD3-B72D-47B6-A68D-7590B98EB39B}
		{344238D7-43C4-4584-892D-C474616BB5F6} = {5F5D2DA1-D523-9746-CCCB-000D35E306D2}
		{22BAF98C-8415-17C4-B26A-D537657BC863} = {827E0CD3-B72D-47B6-A68D-7590B98EB39B}
		{A4B94D63-0683-4671-93EB-E4C505A39B6E} = {22BAF98C-8415-17C4-B26A-D537657BC863}
		{349B521D-38C3-1834-A53D-9CACE24FF0DA} = {827E0CD3-B72D-47B6-A68D-7590B98EB39B}
		{7CE33FA9-1A20-4E2C-97A3-9F3A647EF2A2} = {349B521D-38C3-1834-A53D-9CACE24FF0DA}
		{9D556B49-86D1-93A7-9596-FFAAB74EC556} = {0AB3BF05-4346-4AA6-1389-037BE0695223}
		{1FC57A9E-D2A7-4DFB-8C83-221CD2534C67} = {9D556B49-86D1-93A7-9596-FFAAB74EC556}
		{9D0ACA6A-1359-B410-FE44-3254C33D5A75} = {827E0CD3-B72D-47B6-A68D-7590B98EB39B}
		{6282BFD8-4D13-46B7-9B95-C9C4A2A9704F} = {9D0ACA6A-1359-B410-FE44-3254C33D5A75}
		{2414A164-1C2C-46BD-38D9-3D4AF0FD14DE} = {0AB3BF05-4346-4AA6-1389-037BE0695223}
		{A3A87217-F2A9-4E03-B885-564AF866AEB9} = {2414A164-1C2C-46BD-38D9-3D4AF0FD14DE}
		{58A5B24B-8FB4-5A6E-5EF4-1E3E19F29B1B} = {827E0CD3-B72D-47B6-A68D-7590B98EB39B}
		{FC9ADC4C-F5E4-E1C4-4B5E-C64C8D83E16A} = {58A5B24B-8FB4-5A6E-5EF4-1E3E19F29B1B}
		{200EF0D8-D35C-474A-BC53-680D3AECB339} = {FC9ADC4C-F5E4-E1C4-4B5E-C64C8D83E16A}
		{6E5695B2-FA9C-AB39-B129-37A1347BF387} = {0AB3BF05-4346-4AA6-1389-037BE0695223}
		{D6BB44BA-0BF1-4EAA-8124-57589126C666} = {6E5695B2-FA9C-AB39-B129-37A1347BF387}
		{C1C18CDD-68BF-C334-59A2-2BF067EC0B6F} = {58A5B24B-8FB4-5A6E-5EF4-1E3E19F29B1B}
		{6057C121-A724-4286-B87F-964AE52041DE} = {C1C18CDD-68BF-C334-59A2-2BF067EC0B6F}
		{8A33A073-0502-4BCC-4490-A8EF5CB819EF} = {0AB3BF05-4346-4AA6-1389-037BE0695223}
		{35DCA3A7-294F-48C5-9794-32286114D001} = {8A33A073-0502-4BCC-4490-A8EF5CB819EF}
	EndGlobalSection
	GlobalSection(ExtensibilityGlobals) = postSolution
		SolutionGuid = {5924CE06-5024-49B7-BE37-B4D8BB051E13}
	EndGlobalSection
EndGlobal
